
Microsoft Visual Studio Solution File, Format Version 12.00
# Visual Studio Version 17
VisualStudioVersion = 17.2.32516.85
MinimumVisualStudioVersion = 10.0.40219.1
Project("{FAE04EC0-301F-11D3-BF4B-00C04F79EFBC}") = "CRUD", "CRUD.csproj", "{01C08D58-F213-4189-BA67-83F19275F247}"
EndProject
Global
	GlobalSection(SolutionConfigurationPlatforms) = preSolution
		Debug|Any CPU = Debug|Any CPU
		Release|Any CPU = Release|Any CPU
	EndGlobalSection
	GlobalSection(ProjectConfigurationPlatforms) = postSolution
		{01C08D58-F213-4189-BA67-83F19275F247}.Debug|Any CPU.ActiveCfg = Debug|Any CPU
		{01C08D58-F213-4189-BA67-83F19275F247}.Debug|Any CPU.Build.0 = Debug|Any CPU
		{01C08D58-F213-4189-BA67-83F19275F247}.Release|Any CPU.ActiveCfg = Release|Any CPU
		{01C08D58-F213-4189-BA67-83F19275F247}.Release|Any CPU.Build.0 = Release|Any CPU
	EndGlobalSection
	GlobalSection(SolutionProperties) = preSolution
		HideSolutionNode = FALSE
	EndGlobalSection
	GlobalSection(ExtensibilityGlobals) = postSolution
		SolutionGuid = {2C233617-4F1C-4564-8E8E-6B491DDA93B7}
	EndGlobalSection
EndGlobal
